
Microsoft Visual Studio Solution File, Format Version 12.00
# Visual Studio Version 17
VisualStudioVersion = 17.2.32630.192
MinimumVisualStudioVersion = 10.0.40219.1
Project("{FAE04EC0-301F-11D3-BF4B-00C04F79EFBC}") = "TripVolunteer.API", "TripVolunteer.API\TripVolunteer.API.csproj", "{7EA931FA-6DF8-4A5E-B785-C437911493C4}"
EndProject
Project("{FAE04EC0-301F-11D3-BF4B-00C04F79EFBC}") = "TripVolunteer.Core", "TripVolunteer.Core\TripVolunteer.Core.csproj", "{3A42C596-8A37-4633-AEB0-3CECB32DA6CA}"
EndProject
Project("{FAE04EC0-301F-11D3-BF4B-00C04F79EFBC}") = "TripVolunteer.Infra", "TripVolunteer.Infra\TripVolunteer.Infra.csproj", "{2D53ED9B-7CAB-4166-8119-B262325B1557}"
EndProject
Global
	GlobalSection(SolutionConfigurationPlatforms) = preSolution
		Debug|Any CPU = Debug|Any CPU
		Release|Any CPU = Release|Any CPU
	EndGlobalSection
	GlobalSection(ProjectConfigurationPlatforms) = postSolution
		{7EA931FA-6DF8-4A5E-B785-C437911493C4}.Debug|Any CPU.ActiveCfg = Debug|Any CPU
		{7EA931FA-6DF8-4A5E-B785-C437911493C4}.Debug|Any CPU.Build.0 = Debug|Any CPU
		{7EA931FA-6DF8-4A5E-B785-C437911493C4}.Release|Any CPU.ActiveCfg = Release|Any CPU
		{7EA931FA-6DF8-4A5E-B785-C437911493C4}.Release|Any CPU.Build.0 = Release|Any CPU
		{3A42C596-8A37-4633-AEB0-3CECB32DA6CA}.Debug|Any CPU.ActiveCfg = Debug|Any CPU
		{3A42C596-8A37-4633-AEB0-3CECB32DA6CA}.Debug|Any CPU.Build.0 = Debug|Any CPU
		{3A42C596-8A37-4633-AEB0-3CECB32DA6CA}.Release|Any CPU.ActiveCfg = Release|Any CPU
		{3A42C596-8A37-4633-AEB0-3CECB32DA6CA}.Release|Any CPU.Build.0 = Release|Any CPU
		{2D53ED9B-7CAB-4166-8119-B262325B1557}.Debug|Any CPU.ActiveCfg = Debug|Any CPU
		{2D53ED9B-7CAB-4166-8119-B262325B1557}.Debug|Any CPU.Build.0 = Debug|Any CPU
		{2D53ED9B-7CAB-4166-8119-B262325B1557}.Release|Any CPU.ActiveCfg = Release|Any CPU
		{2D53ED9B-7CAB-4166-8119-B262325B1557}.Release|Any CPU.Build.0 = Release|Any CPU
	EndGlobalSection
	GlobalSection(SolutionProperties) = preSolution
		HideSolutionNode = FALSE
	EndGlobalSection
	GlobalSection(ExtensibilityGlobals) = postSolution
		SolutionGuid = {493500FF-1333-4F2C-A3F0-AFE65F5501B7}
	EndGlobalSection
EndGlobal
